
Microsoft Visual Studio Solution File, Format Version 12.00
# Visual Studio Version 17
VisualStudioVersion = 17.6.33723.286
MinimumVisualStudioVersion = 10.0.40219.1
Project("{FAE04EC0-301F-11D3-BF4B-00C04F79EFBC}") = "ApiCarros", "ApiCarros\ApiCarros.csproj", "{424C58B1-0213-4EAD-8F7C-2101B605A1A2}"
EndProject
Global
	GlobalSection(SolutionConfigurationPlatforms) = preSolution
		Debug|Any CPU = Debug|Any CPU
		Release|Any CPU = Release|Any CPU
	EndGlobalSection
	GlobalSection(ProjectConfigurationPlatforms) = postSolution
		{424C58B1-0213-4EAD-8F7C-2101B605A1A2}.Debug|Any CPU.ActiveCfg = Debug|Any CPU
		{424C58B1-0213-4EAD-8F7C-2101B605A1A2}.Debug|Any CPU.Build.0 = Debug|Any CPU
		{424C58B1-0213-4EAD-8F7C-2101B605A1A2}.Release|Any CPU.ActiveCfg = Release|Any CPU
		{424C58B1-0213-4EAD-8F7C-2101B605A1A2}.Release|Any CPU.Build.0 = Release|Any CPU
	EndGlobalSection
	GlobalSection(SolutionProperties) = preSolution
		HideSolutionNode = FALSE
	EndGlobalSection
	GlobalSection(ExtensibilityGlobals) = postSolution
		SolutionGuid = {9F2FF65A-3A3E-4985-BD68-250296DF4E24}
	EndGlobalSection
EndGlobal
